
Microsoft Visual Studio Solution File, Format Version 12.00
# Visual Studio Version 17
VisualStudioVersion = 17.2.32616.157
MinimumVisualStudioVersion = 10.0.40219.1
Project("{FAE04EC0-301F-11D3-BF4B-00C04F79EFBC}") = "methods", "methods\methods.csproj", "{573AA4DF-5436-40A4-A242-F490B280C5C1}"
EndProject
Project("{FAE04EC0-301F-11D3-BF4B-00C04F79EFBC}") = "methods2", "methods2\methods2.csproj", "{7D63110C-51D9-479C-9806-A508BD9CB7D8}"
EndProject
Global
	GlobalSection(SolutionConfigurationPlatforms) = preSolution
		Debug|Any CPU = Debug|Any CPU
		Release|Any CPU = Release|Any CPU
	EndGlobalSection
	GlobalSection(ProjectConfigurationPlatforms) = postSolution
		{573AA4DF-5436-40A4-A242-F490B280C5C1}.Debug|Any CPU.ActiveCfg = Debug|Any CPU
		{573AA4DF-5436-40A4-A242-F490B280C5C1}.Debug|Any CPU.Build.0 = Debug|Any CPU
		{573AA4DF-5436-40A4-A242-F490B280C5C1}.Release|Any CPU.ActiveCfg = Release|Any CPU
		{573AA4DF-5436-40A4-A242-F490B280C5C1}.Release|Any CPU.Build.0 = Release|Any CPU
		{7D63110C-51D9-479C-9806-A508BD9CB7D8}.Debug|Any CPU.ActiveCfg = Debug|Any CPU
		{7D63110C-51D9-479C-9806-A508BD9CB7D8}.Debug|Any CPU.Build.0 = Debug|Any CPU
		{7D63110C-51D9-479C-9806-A508BD9CB7D8}.Release|Any CPU.ActiveCfg = Release|Any CPU
		{7D63110C-51D9-479C-9806-A508BD9CB7D8}.Release|Any CPU.Build.0 = Release|Any CPU
	EndGlobalSection
	GlobalSection(SolutionProperties) = preSolution
		HideSolutionNode = FALSE
	EndGlobalSection
	GlobalSection(ExtensibilityGlobals) = postSolution
		SolutionGuid = {D3757385-C095-4E91-ABD8-A55A2E42FF3E}
	EndGlobalSection
EndGlobal
